
Microsoft Visual Studio Solution File, Format Version 12.00
# Visual Studio 15
VisualStudioVersion = 15.0.27428.2037
MinimumVisualStudioVersion = 10.0.40219.1
Project("{FAE04EC0-301F-11D3-BF4B-00C04F79EFBC}") = "AutoFacTest", "AutoFacTest\AutoFacTest.csproj", "{6E926BFE-3FE1-43A7-8CF9-A0358A46977C}"
EndProject
Global
	GlobalSection(SolutionConfigurationPlatforms) = preSolution
		Debug|Any CPU = Debug|Any CPU
		Release|Any CPU = Release|Any CPU
	EndGlobalSection
	GlobalSection(ProjectConfigurationPlatforms) = postSolution
		{6E926BFE-3FE1-43A7-8CF9-A0358A46977C}.Debug|Any CPU.ActiveCfg = Debug|Any CPU
		{6E926BFE-3FE1-43A7-8CF9-A0358A46977C}.Debug|Any CPU.Build.0 = Debug|Any CPU
		{6E926BFE-3FE1-43A7-8CF9-A0358A46977C}.Release|Any CPU.ActiveCfg = Release|Any CPU
		{6E926BFE-3FE1-43A7-8CF9-A0358A46977C}.Release|Any CPU.Build.0 = Release|Any CPU
	EndGlobalSection
	GlobalSection(SolutionProperties) = preSolution
		HideSolutionNode = FALSE
	EndGlobalSection
	GlobalSection(ExtensibilityGlobals) = postSolution
		SolutionGuid = {60B32194-57F1-47E3-B8BE-B1095A5FE873}
	EndGlobalSection
EndGlobal
